
Microsoft Visual Studio Solution File, Format Version 12.00
# Visual Studio Version 16
VisualStudioVersion = 16.0.29911.84
MinimumVisualStudioVersion = 10.0.40219.1
Project("{FAE04EC0-301F-11D3-BF4B-00C04F79EFBC}") = "University.Database", "University.Database\University.Database.csproj", "{8F86DF1F-6638-4EA1-9AB1-1A1E9A3D8163}"
EndProject
Project("{FAE04EC0-301F-11D3-BF4B-00C04F79EFBC}") = "University.Entities", "University.Entities\University.Entities.csproj", "{1D64A857-1D01-40EC-A7C5-BFC0B76A56BF}"
EndProject
Project("{FAE04EC0-301F-11D3-BF4B-00C04F79EFBC}") = "University.Repository", "University.Repository\University.Repository.csproj", "{DD74C8A9-399C-44D5-AC93-B46EE0DC7742}"
EndProject
Project("{FAE04EC0-301F-11D3-BF4B-00C04F79EFBC}") = "University.Web", "University.Web\University.Web.csproj", "{F7541570-9922-4F34-AFFE-059D3B2ED03A}"
EndProject
Project("{FAE04EC0-301F-11D3-BF4B-00C04F79EFBC}") = "University.Dekstop", "University.Dekstop\University.Dekstop.csproj", "{C633CC02-5602-49A9-9141-E932C9408745}"
EndProject
Global
	GlobalSection(SolutionConfigurationPlatforms) = preSolution
		Debug|Any CPU = Debug|Any CPU
		Release|Any CPU = Release|Any CPU
	EndGlobalSection
	GlobalSection(ProjectConfigurationPlatforms) = postSolution
		{8F86DF1F-6638-4EA1-9AB1-1A1E9A3D8163}.Debug|Any CPU.ActiveCfg = Debug|Any CPU
		{8F86DF1F-6638-4EA1-9AB1-1A1E9A3D8163}.Debug|Any CPU.Build.0 = Debug|Any CPU
		{8F86DF1F-6638-4EA1-9AB1-1A1E9A3D8163}.Release|Any CPU.ActiveCfg = Release|Any CPU
		{8F86DF1F-6638-4EA1-9AB1-1A1E9A3D8163}.Release|Any CPU.Build.0 = Release|Any CPU
		{1D64A857-1D01-40EC-A7C5-BFC0B76A56BF}.Debug|Any CPU.ActiveCfg = Debug|Any CPU
		{1D64A857-1D01-40EC-A7C5-BFC0B76A56BF}.Debug|Any CPU.Build.0 = Debug|Any CPU
		{1D64A857-1D01-40EC-A7C5-BFC0B76A56BF}.Release|Any CPU.ActiveCfg = Release|Any CPU
		{1D64A857-1D01-40EC-A7C5-BFC0B76A56BF}.Release|Any CPU.Build.0 = Release|Any CPU
		{DD74C8A9-399C-44D5-AC93-B46EE0DC7742}.Debug|Any CPU.ActiveCfg = Debug|Any CPU
		{DD74C8A9-399C-44D5-AC93-B46EE0DC7742}.Debug|Any CPU.Build.0 = Debug|Any CPU
		{DD74C8A9-399C-44D5-AC93-B46EE0DC7742}.Release|Any CPU.ActiveCfg = Release|Any CPU
		{DD74C8A9-399C-44D5-AC93-B46EE0DC7742}.Release|Any CPU.Build.0 = Release|Any CPU
		{F7541570-9922-4F34-AFFE-059D3B2ED03A}.Debug|Any CPU.ActiveCfg = Debug|Any CPU
		{F7541570-9922-4F34-AFFE-059D3B2ED03A}.Debug|Any CPU.Build.0 = Debug|Any CPU
		{F7541570-9922-4F34-AFFE-059D3B2ED03A}.Release|Any CPU.ActiveCfg = Release|Any CPU
		{F7541570-9922-4F34-AFFE-059D3B2ED03A}.Release|Any CPU.Build.0 = Release|Any CPU
		{C633CC02-5602-49A9-9141-E932C9408745}.Debug|Any CPU.ActiveCfg = Debug|Any CPU
		{C633CC02-5602-49A9-9141-E932C9408745}.Debug|Any CPU.Build.0 = Debug|Any CPU
		{C633CC02-5602-49A9-9141-E932C9408745}.Release|Any CPU.ActiveCfg = Release|Any CPU
		{C633CC02-5602-49A9-9141-E932C9408745}.Release|Any CPU.Build.0 = Release|Any CPU
	EndGlobalSection
	GlobalSection(SolutionProperties) = preSolution
		HideSolutionNode = FALSE
	EndGlobalSection
	GlobalSection(ExtensibilityGlobals) = postSolution
		SolutionGuid = {3DC5DFC3-F68D-4505-BC8E-42B8140BDC5E}
	EndGlobalSection
EndGlobal
